
Microsoft Visual Studio Solution File, Format Version 12.00
# Visual Studio 15
VisualStudioVersion = 15.0.27703.2047
MinimumVisualStudioVersion = 10.0.40219.1
Project("{9A19103F-16F7-4668-BE54-9A1E7A4F7556}") = "EMLTransformer", "EMLTransformer\EMLTransformer.csproj", "{4550F58B-620E-48CE-8D40-343B8C1154EF}"
EndProject
Project("{9A19103F-16F7-4668-BE54-9A1E7A4F7556}") = "EMLTransformer.Tests", "EMLTransformer.Tests\EMLTransformer.Tests.csproj", "{2EEA6AF9-EF7B-42FB-8CCC-AAC2A04A6FAC}"
EndProject
Global
	GlobalSection(SolutionConfigurationPlatforms) = preSolution
		Debug|Any CPU = Debug|Any CPU
		Release|Any CPU = Release|Any CPU
	EndGlobalSection
	GlobalSection(ProjectConfigurationPlatforms) = postSolution
		{4550F58B-620E-48CE-8D40-343B8C1154EF}.Debug|Any CPU.ActiveCfg = Debug|Any CPU
		{4550F58B-620E-48CE-8D40-343B8C1154EF}.Debug|Any CPU.Build.0 = Debug|Any CPU
		{4550F58B-620E-48CE-8D40-343B8C1154EF}.Release|Any CPU.ActiveCfg = Release|Any CPU
		{4550F58B-620E-48CE-8D40-343B8C1154EF}.Release|Any CPU.Build.0 = Release|Any CPU
		{2EEA6AF9-EF7B-42FB-8CCC-AAC2A04A6FAC}.Debug|Any CPU.ActiveCfg = Debug|Any CPU
		{2EEA6AF9-EF7B-42FB-8CCC-AAC2A04A6FAC}.Debug|Any CPU.Build.0 = Debug|Any CPU
		{2EEA6AF9-EF7B-42FB-8CCC-AAC2A04A6FAC}.Release|Any CPU.ActiveCfg = Release|Any CPU
		{2EEA6AF9-EF7B-42FB-8CCC-AAC2A04A6FAC}.Release|Any CPU.Build.0 = Release|Any CPU
	EndGlobalSection
	GlobalSection(SolutionProperties) = preSolution
		HideSolutionNode = FALSE
	EndGlobalSection
	GlobalSection(ExtensibilityGlobals) = postSolution
		SolutionGuid = {C71A5660-C025-497F-BF91-CACA968CD0AA}
	EndGlobalSection
EndGlobal
